
Microsoft Visual Studio Solution File, Format Version 12.00
# Visual Studio 2013
VisualStudioVersion = 12.0.21005.1
MinimumVisualStudioVersion = 10.0.40219.1
Project("{FAE04EC0-301F-11D3-BF4B-00C04F79EFBC}") = "300813612_JihoYoo", "300813612_JihoYoo\300813612_JihoYoo.csproj", "{BE027B8B-F461-436E-A3E5-7128CA23DCA9}"
EndProject
Global
	GlobalSection(SolutionConfigurationPlatforms) = preSolution
		Debug|Any CPU = Debug|Any CPU
		Release|Any CPU = Release|Any CPU
	EndGlobalSection
	GlobalSection(ProjectConfigurationPlatforms) = postSolution
		{BE027B8B-F461-436E-A3E5-7128CA23DCA9}.Debug|Any CPU.ActiveCfg = Debug|Any CPU
		{BE027B8B-F461-436E-A3E5-7128CA23DCA9}.Debug|Any CPU.Build.0 = Debug|Any CPU
		{BE027B8B-F461-436E-A3E5-7128CA23DCA9}.Release|Any CPU.ActiveCfg = Release|Any CPU
		{BE027B8B-F461-436E-A3E5-7128CA23DCA9}.Release|Any CPU.Build.0 = Release|Any CPU
	EndGlobalSection
	GlobalSection(SolutionProperties) = preSolution
		HideSolutionNode = FALSE
	EndGlobalSection
EndGlobal
